
Microsoft Visual Studio Solution File, Format Version 12.00
# Visual Studio 15
VisualStudioVersion = 15.0.28307.1401
MinimumVisualStudioVersion = 10.0.40219.1
Project("{8BC9CEB8-8B4A-11D0-8D11-00A0C91BC942}") = "ConsoleApplication1", "ConsoleApplication1\ConsoleApplication1.vcxproj", "{4354706D-20AA-451A-9134-4A28CC49609F}"
EndProject
Global
	GlobalSection(SolutionConfigurationPlatforms) = preSolution
		Debug|x64 = Debug|x64
		Debug|x86 = Debug|x86
		Release|x64 = Release|x64
		Release|x86 = Release|x86
	EndGlobalSection
	GlobalSection(ProjectConfigurationPlatforms) = postSolution
		{4354706D-20AA-451A-9134-4A28CC49609F}.Debug|x64.ActiveCfg = Debug|x64
		{4354706D-20AA-451A-9134-4A28CC49609F}.Debug|x64.Build.0 = Debug|x64
		{4354706D-20AA-451A-9134-4A28CC49609F}.Debug|x86.ActiveCfg = Debug|Win32
		{4354706D-20AA-451A-9134-4A28CC49609F}.Debug|x86.Build.0 = Debug|Win32
		{4354706D-20AA-451A-9134-4A28CC49609F}.Release|x64.ActiveCfg = Release|x64
		{4354706D-20AA-451A-9134-4A28CC49609F}.Release|x64.Build.0 = Release|x64
		{4354706D-20AA-451A-9134-4A28CC49609F}.Release|x86.ActiveCfg = Release|Win32
		{4354706D-20AA-451A-9134-4A28CC49609F}.Release|x86.Build.0 = Release|Win32
	EndGlobalSection
	GlobalSection(SolutionProperties) = preSolution
		HideSolutionNode = FALSE
	EndGlobalSection
	GlobalSection(ExtensibilityGlobals) = postSolution
		LastCdbModifiedTime = 02/27/2021 06:55:27
		SolutionGuid = {E9AB83C5-37B5-4B80-A50C-B0891F2DDF3A}
	EndGlobalSection
EndGlobal
